// !$*UTF8*$!
{
	archiveVersion = 1;
	classes = {
	};
	objectVersion = 50;
	objects = {

/* Begin PBXBuildFile section */
		C9BB2924E20B91A9C24A92B8 /* Pods_DouYuLive.framework in Frameworks */ = {isa = PBXBuildFile; fileRef = 08A18AAA6146BE8158983DFF /* Pods_DouYuLive.framework */; };
		F30064512184902D00408907 /* CycleModel.swift in Sources */ = {isa = PBXBuildFile; fileRef = F30064502184902D00408907 /* CycleModel.swift */; };
		F3105ACF215E12DF0020DB8C /* UIBarButtonItem-Extension.swift in Sources */ = {isa = PBXBuildFile; fileRef = F3105ACE215E12DF0020DB8C /* UIBarButtonItem-Extension.swift */; };
		F35A392B2186F19D00865CF1 /* RecommendGameView.swift in Sources */ = {isa = PBXBuildFile; fileRef = F35A392A2186F19D00865CF1 /* RecommendGameView.swift */; };
		F35A392D2186F1A900865CF1 /* RecommendGameView.xib in Resources */ = {isa = PBXBuildFile; fileRef = F35A392C2186F1A900865CF1 /* RecommendGameView.xib */; };
		F35A39302186FB3200865CF1 /* CollectionViewGameCell.swift in Sources */ = {isa = PBXBuildFile; fileRef = F35A392E2186FB3200865CF1 /* CollectionViewGameCell.swift */; };
		F35A39312186FB3200865CF1 /* CollectionViewGameCell.xib in Resources */ = {isa = PBXBuildFile; fileRef = F35A392F2186FB3200865CF1 /* CollectionViewGameCell.xib */; };
		F3833B8B21762C2C000007AD /* RecommendCycleView.swift in Sources */ = {isa = PBXBuildFile; fileRef = F3833B8A21762C2C000007AD /* RecommendCycleView.swift */; };
		F3833B8D21762C3D000007AD /* RecommendCycleView.xib in Resources */ = {isa = PBXBuildFile; fileRef = F3833B8C21762C3D000007AD /* RecommendCycleView.xib */; };
		F3833B90217637C1000007AD /* RecommendCycleViewCell.swift in Sources */ = {isa = PBXBuildFile; fileRef = F3833B8E217637C1000007AD /* RecommendCycleViewCell.swift */; };
		F3833B91217637C1000007AD /* RecommendCycleViewCell.xib in Resources */ = {isa = PBXBuildFile; fileRef = F3833B8F217637C1000007AD /* RecommendCycleViewCell.xib */; };
		F38A16B3215D14D4009360F8 /* AppDelegate.swift in Sources */ = {isa = PBXBuildFile; fileRef = F38A16B2215D14D4009360F8 /* AppDelegate.swift */; };
		F38A16B8215D14D4009360F8 /* Main.storyboard in Resources */ = {isa = PBXBuildFile; fileRef = F38A16B6215D14D4009360F8 /* Main.storyboard */; };
		F38A16BA215D14D4009360F8 /* Assets.xcassets in Resources */ = {isa = PBXBuildFile; fileRef = F38A16B9215D14D4009360F8 /* Assets.xcassets */; };
		F38A16DB215D19B7009360F8 /* Home.storyboard in Resources */ = {isa = PBXBuildFile; fileRef = F38A16DA215D19B7009360F8 /* Home.storyboard */; };
		F38A16DD215D1AA9009360F8 /* MainViewController.swift in Sources */ = {isa = PBXBuildFile; fileRef = F38A16DC215D1AA9009360F8 /* MainViewController.swift */; };
		F38A16DF215D1AD2009360F8 /* HomeViewController.swift in Sources */ = {isa = PBXBuildFile; fileRef = F38A16DE215D1AD2009360F8 /* HomeViewController.swift */; };
		F38A16E1215D1B00009360F8 /* LiveViewController.swift in Sources */ = {isa = PBXBuildFile; fileRef = F38A16E0215D1B00009360F8 /* LiveViewController.swift */; };
		F38A16E3215D1B0E009360F8 /* Live.storyboard in Resources */ = {isa = PBXBuildFile; fileRef = F38A16E2215D1B0E009360F8 /* Live.storyboard */; };
		F38A16E5215D1B4E009360F8 /* FollowViewController.swift in Sources */ = {isa = PBXBuildFile; fileRef = F38A16E4215D1B4E009360F8 /* FollowViewController.swift */; };
		F38A16E7215D1B59009360F8 /* Follow.storyboard in Resources */ = {isa = PBXBuildFile; fileRef = F38A16E6215D1B59009360F8 /* Follow.storyboard */; };
		F38A16E9215D1B90009360F8 /* ProfileViewController.swift in Sources */ = {isa = PBXBuildFile; fileRef = F38A16E8215D1B90009360F8 /* ProfileViewController.swift */; };
		F38A16EB215D1BA6009360F8 /* Profile.storyboard in Resources */ = {isa = PBXBuildFile; fileRef = F38A16EA215D1BA6009360F8 /* Profile.storyboard */; };
		F3917D7A216F6C05004CC142 /* RecommendViewModel.swift in Sources */ = {isa = PBXBuildFile; fileRef = F3917D79216F6C05004CC142 /* RecommendViewModel.swift */; };
		F3917D7C216F7425004CC142 /* NSDate-Extension.swift in Sources */ = {isa = PBXBuildFile; fileRef = F3917D7B216F7425004CC142 /* NSDate-Extension.swift */; };
		F3917D7E216F7B0B004CC142 /* AnchorGroupModel.swift in Sources */ = {isa = PBXBuildFile; fileRef = F3917D7D216F7B0B004CC142 /* AnchorGroupModel.swift */; };
		F3BBD53A216C9C3800E8E665 /* RecommendViewController.swift in Sources */ = {isa = PBXBuildFile; fileRef = F3BBD539216C9C3800E8E665 /* RecommendViewController.swift */; };
		F3BBD53D216CA9DF00E8E665 /* CollectionHeaderView.swift in Sources */ = {isa = PBXBuildFile; fileRef = F3BBD53B216CA9DF00E8E665 /* CollectionHeaderView.swift */; };
		F3BBD53E216CA9DF00E8E665 /* CollectionHeaderView.xib in Resources */ = {isa = PBXBuildFile; fileRef = F3BBD53C216CA9DF00E8E665 /* CollectionHeaderView.xib */; };
		F3BBD541216CAF4100E8E665 /* CollectionViewNormalCell.swift in Sources */ = {isa = PBXBuildFile; fileRef = F3BBD53F216CAF4100E8E665 /* CollectionViewNormalCell.swift */; };
		F3BBD542216CAF4100E8E665 /* CollectionViewNormalCell.xib in Resources */ = {isa = PBXBuildFile; fileRef = F3BBD540216CAF4100E8E665 /* CollectionViewNormalCell.xib */; };
		F3BBD545216CB41300E8E665 /* CollectionViewPrettyCell.swift in Sources */ = {isa = PBXBuildFile; fileRef = F3BBD543216CB41300E8E665 /* CollectionViewPrettyCell.swift */; };
		F3BBD546216CB41300E8E665 /* CollectionViewPrettyCell.xib in Resources */ = {isa = PBXBuildFile; fileRef = F3BBD544216CB41300E8E665 /* CollectionViewPrettyCell.xib */; };
		F3D260812169BF75008AD75F /* PageTitleView.swift in Sources */ = {isa = PBXBuildFile; fileRef = F3D260802169BF75008AD75F /* PageTitleView.swift */; };
		F3D260832169C219008AD75F /* Common.swift in Sources */ = {isa = PBXBuildFile; fileRef = F3D260822169C219008AD75F /* Common.swift */; };
		F3D741DA2170383700CF675C /* AnchorModel.swift in Sources */ = {isa = PBXBuildFile; fileRef = F3D741D92170383700CF675C /* AnchorModel.swift */; };
		F3DC57E0216B48E6003F463D /* UIColor-Extension.swift in Sources */ = {isa = PBXBuildFile; fileRef = F3DC57DF216B48E6003F463D /* UIColor-Extension.swift */; };
		F3F7499B216B144200691DE6 /* PageContentView.swift in Sources */ = {isa = PBXBuildFile; fileRef = F3F7499A216B144200691DE6 /* PageContentView.swift */; };
		F3F855B5216EF3B600CAB04E /* NetWorkTools.swift in Sources */ = {isa = PBXBuildFile; fileRef = F3F855B4216EF3B600CAB04E /* NetWorkTools.swift */; };
/* End PBXBuildFile section */

/* Begin PBXFileReference section */
		08A18AAA6146BE8158983DFF /* Pods_DouYuLive.framework */ = {isa = PBXFileReference; explicitFileType = wrapper.framework; includeInIndex = 0; path = Pods_DouYuLive.framework; sourceTree = BUILT_PRODUCTS_DIR; };
		5819D6645633724A4FFC4AC7 /* Pods-DouYuLive.debug.xcconfig */ = {isa = PBXFileReference; includeInIndex = 1; lastKnownFileType = text.xcconfig; name = "Pods-DouYuLive.debug.xcconfig"; path = "Pods/Target Support Files/Pods-DouYuLive/Pods-DouYuLive.debug.xcconfig"; sourceTree = "<group>"; };
		9EAAFE3C080833C7D9644AAD /* Pods-DouYuLive.release.xcconfig */ = {isa = PBXFileReference; includeInIndex = 1; lastKnownFileType = text.xcconfig; name = "Pods-DouYuLive.release.xcconfig"; path = "Pods/Target Support Files/Pods-DouYuLive/Pods-DouYuLive.release.xcconfig"; sourceTree = "<group>"; };
		F30064502184902D00408907 /* CycleModel.swift */ = {isa = PBXFileReference; lastKnownFileType = sourcecode.swift; path = CycleModel.swift; sourceTree = "<group>"; };
		F3105ACE215E12DF0020DB8C /* UIBarButtonItem-Extension.swift */ = {isa = PBXFileReference; lastKnownFileType = sourcecode.swift; path = "UIBarButtonItem-Extension.swift"; sourceTree = "<group>"; };
		F35A392A2186F19D00865CF1 /* RecommendGameView.swift */ = {isa = PBXFileReference; lastKnownFileType = sourcecode.swift; path = RecommendGameView.swift; sourceTree = "<group>"; };
		F35A392C2186F1A900865CF1 /* RecommendGameView.xib */ = {isa = PBXFileReference; lastKnownFileType = file.xib; path = RecommendGameView.xib; sourceTree = "<group>"; };
		F35A392E2186FB3200865CF1 /* CollectionViewGameCell.swift */ = {isa = PBXFileReference; lastKnownFileType = sourcecode.swift; path = CollectionViewGameCell.swift; sourceTree = "<group>"; };
		F35A392F2186FB3200865CF1 /* CollectionViewGameCell.xib */ = {isa = PBXFileReference; lastKnownFileType = file.xib; path = CollectionViewGameCell.xib; sourceTree = "<group>"; };
		F3833B8A21762C2C000007AD /* RecommendCycleView.swift */ = {isa = PBXFileReference; lastKnownFileType = sourcecode.swift; path = RecommendCycleView.swift; sourceTree = "<group>"; };
		F3833B8C21762C3D000007AD /* RecommendCycleView.xib */ = {isa = PBXFileReference; lastKnownFileType = file.xib; path = RecommendCycleView.xib; sourceTree = "<group>"; };
		F3833B8E217637C1000007AD /* RecommendCycleViewCell.swift */ = {isa = PBXFileReference; lastKnownFileType = sourcecode.swift; path = RecommendCycleViewCell.swift; sourceTree = "<group>"; };
		F3833B8F217637C1000007AD /* RecommendCycleViewCell.xib */ = {isa = PBXFileReference; lastKnownFileType = file.xib; path = RecommendCycleViewCell.xib; sourceTree = "<group>"; };
		F38A16AF215D14D4009360F8 /* DouYuLive.app */ = {isa = PBXFileReference; explicitFileType = wrapper.application; includeInIndex = 0; path = DouYuLive.app; sourceTree = BUILT_PRODUCTS_DIR; };
		F38A16B2215D14D4009360F8 /* AppDelegate.swift */ = {isa = PBXFileReference; lastKnownFileType = sourcecode.swift; path = AppDelegate.swift; sourceTree = "<group>"; };
		F38A16B7215D14D4009360F8 /* Base */ = {isa = PBXFileReference; lastKnownFileType = file.storyboard; name = Base; path = Base.lproj/Main.storyboard; sourceTree = "<group>"; };
		F38A16B9215D14D4009360F8 /* Assets.xcassets */ = {isa = PBXFileReference; lastKnownFileType = folder.assetcatalog; path = Assets.xcassets; sourceTree = "<group>"; };
		F38A16BE215D14D4009360F8 /* Info.plist */ = {isa = PBXFileReference; lastKnownFileType = text.plist.xml; path = Info.plist; sourceTree = "<group>"; };
		F38A16DA215D19B7009360F8 /* Home.storyboard */ = {isa = PBXFileReference; lastKnownFileType = file.storyboard; path = Home.storyboard; sourceTree = "<group>"; };
		F38A16DC215D1AA9009360F8 /* MainViewController.swift */ = {isa = PBXFileReference; lastKnownFileType = sourcecode.swift; path = MainViewController.swift; sourceTree = "<group>"; };
		F38A16DE215D1AD2009360F8 /* HomeViewController.swift */ = {isa = PBXFileReference; lastKnownFileType = sourcecode.swift; path = HomeViewController.swift; sourceTree = "<group>"; };
		F38A16E0215D1B00009360F8 /* LiveViewController.swift */ = {isa = PBXFileReference; lastKnownFileType = sourcecode.swift; path = LiveViewController.swift; sourceTree = "<group>"; };
		F38A16E2215D1B0E009360F8 /* Live.storyboard */ = {isa = PBXFileReference; lastKnownFileType = file.storyboard; path = Live.storyboard; sourceTree = "<group>"; };
		F38A16E4215D1B4E009360F8 /* FollowViewController.swift */ = {isa = PBXFileReference; lastKnownFileType = sourcecode.swift; path = FollowViewController.swift; sourceTree = "<group>"; };
		F38A16E6215D1B59009360F8 /* Follow.storyboard */ = {isa = PBXFileReference; lastKnownFileType = file.storyboard; path = Follow.storyboard; sourceTree = "<group>"; };
		F38A16E8215D1B90009360F8 /* ProfileViewController.swift */ = {isa = PBXFileReference; lastKnownFileType = sourcecode.swift; path = ProfileViewController.swift; sourceTree = "<group>"; };
		F38A16EA215D1BA6009360F8 /* Profile.storyboard */ = {isa = PBXFileReference; lastKnownFileType = file.storyboard; path = Profile.storyboard; sourceTree = "<group>"; };
		F3917D79216F6C05004CC142 /* RecommendViewModel.swift */ = {isa = PBXFileReference; lastKnownFileType = sourcecode.swift; path = RecommendViewModel.swift; sourceTree = "<group>"; };
		F3917D7B216F7425004CC142 /* NSDate-Extension.swift */ = {isa = PBXFileReference; lastKnownFileType = sourcecode.swift; path = "NSDate-Extension.swift"; sourceTree = "<group>"; };
		F3917D7D216F7B0B004CC142 /* AnchorGroupModel.swift */ = {isa = PBXFileReference; lastKnownFileType = sourcecode.swift; path = AnchorGroupModel.swift; sourceTree = "<group>"; };
		F3BBD539216C9C3800E8E665 /* RecommendViewController.swift */ = {isa = PBXFileReference; lastKnownFileType = sourcecode.swift; path = RecommendViewController.swift; sourceTree = "<group>"; };
		F3BBD53B216CA9DF00E8E665 /* CollectionHeaderView.swift */ = {isa = PBXFileReference; lastKnownFileType = sourcecode.swift; path = CollectionHeaderView.swift; sourceTree = "<group>"; };
		F3BBD53C216CA9DF00E8E665 /* CollectionHeaderView.xib */ = {isa = PBXFileReference; lastKnownFileType = file.xib; path = CollectionHeaderView.xib; sourceTree = "<group>"; };
		F3BBD53F216CAF4100E8E665 /* CollectionViewNormalCell.swift */ = {isa = PBXFileReference; lastKnownFileType = sourcecode.swift; path = CollectionViewNormalCell.swift; sourceTree = "<group>"; };
		F3BBD540216CAF4100E8E665 /* CollectionViewNormalCell.xib */ = {isa = PBXFileReference; lastKnownFileType = file.xib; path = CollectionViewNormalCell.xib; sourceTree = "<group>"; };
		F3BBD543216CB41300E8E665 /* CollectionViewPrettyCell.swift */ = {isa = PBXFileReference; lastKnownFileType = sourcecode.swift; path = CollectionViewPrettyCell.swift; sourceTree = "<group>"; };
		F3BBD544216CB41300E8E665 /* CollectionViewPrettyCell.xib */ = {isa = PBXFileReference; lastKnownFileType = file.xib; path = CollectionViewPrettyCell.xib; sourceTree = "<group>"; };
		F3D260802169BF75008AD75F /* PageTitleView.swift */ = {isa = PBXFileReference; lastKnownFileType = sourcecode.swift; path = PageTitleView.swift; sourceTree = "<group>"; };
		F3D260822169C219008AD75F /* Common.swift */ = {isa = PBXFileReference; lastKnownFileType = sourcecode.swift; path = Common.swift; sourceTree = "<group>"; };
		F3D741D92170383700CF675C /* AnchorModel.swift */ = {isa = PBXFileReference; lastKnownFileType = sourcecode.swift; path = AnchorModel.swift; sourceTree = "<group>"; };
		F3DC57DF216B48E6003F463D /* UIColor-Extension.swift */ = {isa = PBXFileReference; lastKnownFileType = sourcecode.swift; path = "UIColor-Extension.swift"; sourceTree = "<group>"; };
		F3F7499A216B144200691DE6 /* PageContentView.swift */ = {isa = PBXFileReference; lastKnownFileType = sourcecode.swift; path = PageContentView.swift; sourceTree = "<group>"; };
		F3F855B4216EF3B600CAB04E /* NetWorkTools.swift */ = {isa = PBXFileReference; lastKnownFileType = sourcecode.swift; path = NetWorkTools.swift; sourceTree = "<group>"; };
/* End PBXFileReference section */

/* Begin PBXFrameworksBuildPhase section */
		F38A16AC215D14D4009360F8 /* Frameworks */ = {
			isa = PBXFrameworksBuildPhase;
			buildActionMask = 2147483647;
			files = (
				C9BB2924E20B91A9C24A92B8 /* Pods_DouYuLive.framework in Frameworks */,
			);
			runOnlyForDeploymentPostprocessing = 0;
		};
/* End PBXFrameworksBuildPhase section */

/* Begin PBXGroup section */
		29FCFE70C949F340F44787FB /* Pods */ = {
			isa = PBXGroup;
			children = (
				5819D6645633724A4FFC4AC7 /* Pods-DouYuLive.debug.xcconfig */,
				9EAAFE3C080833C7D9644AAD /* Pods-DouYuLive.release.xcconfig */,
			);
			name = Pods;
			sourceTree = "<group>";
		};
		C14496B9296B39D72E133116 /* Frameworks */ = {
			isa = PBXGroup;
			children = (
				08A18AAA6146BE8158983DFF /* Pods_DouYuLive.framework */,
			);
			name = Frameworks;
			sourceTree = "<group>";
		};
		F3105ACC215E12720020DB8C /* Extension */ = {
			isa = PBXGroup;
			children = (
				F3105ACE215E12DF0020DB8C /* UIBarButtonItem-Extension.swift */,
				F3DC57DF216B48E6003F463D /* UIColor-Extension.swift */,
				F3F855B4216EF3B600CAB04E /* NetWorkTools.swift */,
				F3917D7B216F7425004CC142 /* NSDate-Extension.swift */,
			);
			path = Extension;
			sourceTree = "<group>";
		};
		F38A16A6215D14D4009360F8 = {
			isa = PBXGroup;
			children = (
				F38A16B1215D14D4009360F8 /* DouYuLive */,
				F38A16B0215D14D4009360F8 /* Products */,
				29FCFE70C949F340F44787FB /* Pods */,
				C14496B9296B39D72E133116 /* Frameworks */,
			);
			sourceTree = "<group>";
		};
		F38A16B0215D14D4009360F8 /* Products */ = {
			isa = PBXGroup;
			children = (
				F38A16AF215D14D4009360F8 /* DouYuLive.app */,
			);
			name = Products;
			sourceTree = "<group>";
		};
		F38A16B1215D14D4009360F8 /* DouYuLive */ = {
			isa = PBXGroup;
			children = (
				F38A16C4215D17A0009360F8 /* Classes */,
				F38A16B2215D14D4009360F8 /* AppDelegate.swift */,
				F38A16B9215D14D4009360F8 /* Assets.xcassets */,
				F38A16BE215D14D4009360F8 /* Info.plist */,
			);
			path = DouYuLive;
			sourceTree = "<group>";
		};
		F38A16C4215D17A0009360F8 /* Classes */ = {
			isa = PBXGroup;
			children = (
				F38A16D6215D17A0009360F8 /* Mian */,
				F38A16C5215D17A0009360F8 /* Home */,
				F38A16D2215D17A0009360F8 /* Live */,
				F38A16CA215D17A0009360F8 /* Follow */,
				F38A16CE215D17A0009360F8 /* Profile */,
				F38A16C9215D17A0009360F8 /* Tools */,
			);
			path = Classes;
			sourceTree = "<group>";
		};
		F38A16C5215D17A0009360F8 /* Home */ = {
			isa = PBXGroup;
			children = (
				F3917D78216F6BD1004CC142 /* ViewModel */,
				F38A16C6215D17A0009360F8 /* Controller */,
				F38A16C7215D17A0009360F8 /* Model */,
				F38A16C8215D17A0009360F8 /* View */,
			);
			path = Home;
			sourceTree = "<group>";
		};
		F38A16C6215D17A0009360F8 /* Controller */ = {
			isa = PBXGroup;
			children = (
				F38A16DE215D1AD2009360F8 /* HomeViewController.swift */,
				F38A16DA215D19B7009360F8 /* Home.storyboard */,
				F3BBD539216C9C3800E8E665 /* RecommendViewController.swift */,
			);
			path = Controller;
			sourceTree = "<group>";
		};
		F38A16C7215D17A0009360F8 /* Model */ = {
			isa = PBXGroup;
			children = (
				F30064502184902D00408907 /* CycleModel.swift */,
			);
			path = Model;
			sourceTree = "<group>";
		};
		F38A16C8215D17A0009360F8 /* View */ = {
			isa = PBXGroup;
			children = (
				F3BBD53B216CA9DF00E8E665 /* CollectionHeaderView.swift */,
				F3BBD53C216CA9DF00E8E665 /* CollectionHeaderView.xib */,
				F3833B8A21762C2C000007AD /* RecommendCycleView.swift */,
				F3833B8C21762C3D000007AD /* RecommendCycleView.xib */,
				F3833B8E217637C1000007AD /* RecommendCycleViewCell.swift */,
				F3833B8F217637C1000007AD /* RecommendCycleViewCell.xib */,
				F35A392A2186F19D00865CF1 /* RecommendGameView.swift */,
				F35A392C2186F1A900865CF1 /* RecommendGameView.xib */,
				F35A392E2186FB3200865CF1 /* CollectionViewGameCell.swift */,
				F35A392F2186FB3200865CF1 /* CollectionViewGameCell.xib */,
			);
			path = View;
			sourceTree = "<group>";
		};
		F38A16C9215D17A0009360F8 /* Tools */ = {
			isa = PBXGroup;
			children = (
				F3105ACC215E12720020DB8C /* Extension */,
				F3D260822169C219008AD75F /* Common.swift */,
			);
			path = Tools;
			sourceTree = "<group>";
		};
		F38A16CA215D17A0009360F8 /* Follow */ = {
			isa = PBXGroup;
			children = (
				F38A16CB215D17A0009360F8 /* Controller */,
				F38A16CC215D17A0009360F8 /* Model */,
				F38A16CD215D17A0009360F8 /* View */,
			);
			path = Follow;
			sourceTree = "<group>";
		};
		F38A16CB215D17A0009360F8 /* Controller */ = {
			isa = PBXGroup;
			children = (
				F38A16E4215D1B4E009360F8 /* FollowViewController.swift */,
				F38A16E6215D1B59009360F8 /* Follow.storyboard */,
			);
			path = Controller;
			sourceTree = "<group>";
		};
		F38A16CC215D17A0009360F8 /* Model */ = {
			isa = PBXGroup;
			children = (
			);
			path = Model;
			sourceTree = "<group>";
		};
		F38A16CD215D17A0009360F8 /* View */ = {
			isa = PBXGroup;
			children = (
			);
			path = View;
			sourceTree = "<group>";
		};
		F38A16CE215D17A0009360F8 /* Profile */ = {
			isa = PBXGroup;
			children = (
				F38A16CF215D17A0009360F8 /* Controller */,
				F38A16D0215D17A0009360F8 /* Model */,
				F38A16D1215D17A0009360F8 /* View */,
			);
			path = Profile;
			sourceTree = "<group>";
		};
		F38A16CF215D17A0009360F8 /* Controller */ = {
			isa = PBXGroup;
			children = (
				F38A16E8215D1B90009360F8 /* ProfileViewController.swift */,
				F38A16EA215D1BA6009360F8 /* Profile.storyboard */,
			);
			path = Controller;
			sourceTree = "<group>";
		};
		F38A16D0215D17A0009360F8 /* Model */ = {
			isa = PBXGroup;
			children = (
			);
			path = Model;
			sourceTree = "<group>";
		};
		F38A16D1215D17A0009360F8 /* View */ = {
			isa = PBXGroup;
			children = (
			);
			path = View;
			sourceTree = "<group>";
		};
		F38A16D2215D17A0009360F8 /* Live */ = {
			isa = PBXGroup;
			children = (
				F38A16D3215D17A0009360F8 /* Controller */,
				F38A16D4215D17A0009360F8 /* Model */,
				F38A16D5215D17A0009360F8 /* View */,
			);
			path = Live;
			sourceTree = "<group>";
		};
		F38A16D3215D17A0009360F8 /* Controller */ = {
			isa = PBXGroup;
			children = (
				F38A16E0215D1B00009360F8 /* LiveViewController.swift */,
				F38A16E2215D1B0E009360F8 /* Live.storyboard */,
			);
			path = Controller;
			sourceTree = "<group>";
		};
		F38A16D4215D17A0009360F8 /* Model */ = {
			isa = PBXGroup;
			children = (
			);
			path = Model;
			sourceTree = "<group>";
		};
		F38A16D5215D17A0009360F8 /* View */ = {
			isa = PBXGroup;
			children = (
			);
			path = View;
			sourceTree = "<group>";
		};
		F38A16D6215D17A0009360F8 /* Mian */ = {
			isa = PBXGroup;
			children = (
				F38A16D7215D17A0009360F8 /* Controller */,
				F38A16D8215D17A0009360F8 /* Model */,
				F38A16D9215D17A0009360F8 /* View */,
			);
			path = Mian;
			sourceTree = "<group>";
		};
		F38A16D7215D17A0009360F8 /* Controller */ = {
			isa = PBXGroup;
			children = (
				F38A16DC215D1AA9009360F8 /* MainViewController.swift */,
				F38A16B6215D14D4009360F8 /* Main.storyboard */,
			);
			path = Controller;
			sourceTree = "<group>";
		};
		F38A16D8215D17A0009360F8 /* Model */ = {
			isa = PBXGroup;
			children = (
				F3917D7D216F7B0B004CC142 /* AnchorGroupModel.swift */,
				F3D741D92170383700CF675C /* AnchorModel.swift */,
			);
			path = Model;
			sourceTree = "<group>";
		};
		F38A16D9215D17A0009360F8 /* View */ = {
			isa = PBXGroup;
			children = (
				F3D260802169BF75008AD75F /* PageTitleView.swift */,
				F3F7499A216B144200691DE6 /* PageContentView.swift */,
				F3BBD53F216CAF4100E8E665 /* CollectionViewNormalCell.swift */,
				F3BBD540216CAF4100E8E665 /* CollectionViewNormalCell.xib */,
				F3BBD543216CB41300E8E665 /* CollectionViewPrettyCell.swift */,
				F3BBD544216CB41300E8E665 /* CollectionViewPrettyCell.xib */,
			);
			path = View;
			sourceTree = "<group>";
		};
		F3917D78216F6BD1004CC142 /* ViewModel */ = {
			isa = PBXGroup;
			children = (
				F3917D79216F6C05004CC142 /* RecommendViewModel.swift */,
			);
			path = ViewModel;
			sourceTree = "<group>";
		};
/* End PBXGroup section */

/* Begin PBXNativeTarget section */
		F38A16AE215D14D4009360F8 /* DouYuLive */ = {
			isa = PBXNativeTarget;
			buildConfigurationList = F38A16C1215D14D4009360F8 /* Build configuration list for PBXNativeTarget "DouYuLive" */;
			buildPhases = (
				77CBB62FB52DC84CFE0D021F /* [CP] Check Pods Manifest.lock */,
				F38A16AB215D14D4009360F8 /* Sources */,
				F38A16AC215D14D4009360F8 /* Frameworks */,
				F38A16AD215D14D4009360F8 /* Resources */,
				7276C9326FF3F4A3D0BA14C8 /* [CP] Embed Pods Frameworks */,
			);
			buildRules = (
			);
			dependencies = (
			);
			name = DouYuLive;
			productName = DouYuLive;
			productReference = F38A16AF215D14D4009360F8 /* DouYuLive.app */;
			productType = "com.apple.product-type.application";
		};
/* End PBXNativeTarget section */

/* Begin PBXProject section */
		F38A16A7215D14D4009360F8 /* Project object */ = {
			isa = PBXProject;
			attributes = {
				LastSwiftUpdateCheck = 0940;
				LastUpgradeCheck = 0940;
				ORGANIZATIONNAME = ZXC;
				TargetAttributes = {
					F38A16AE215D14D4009360F8 = {
						CreatedOnToolsVersion = 9.4.1;
					};
				};
			};
			buildConfigurationList = F38A16AA215D14D4009360F8 /* Build configuration list for PBXProject "DouYuLive" */;
			compatibilityVersion = "Xcode 9.3";
			developmentRegion = en;
			hasScannedForEncodings = 0;
			knownRegions = (
				en,
				Base,
			);
			mainGroup = F38A16A6215D14D4009360F8;
			productRefGroup = F38A16B0215D14D4009360F8 /* Products */;
			projectDirPath = "";
			projectRoot = "";
			targets = (
				F38A16AE215D14D4009360F8 /* DouYuLive */,
			);
		};
/* End PBXProject section */

/* Begin PBXResourcesBuildPhase section */
		F38A16AD215D14D4009360F8 /* Resources */ = {
			isa = PBXResourcesBuildPhase;
			buildActionMask = 2147483647;
			files = (
				F3833B8D21762C3D000007AD /* RecommendCycleView.xib in Resources */,
				F3833B91217637C1000007AD /* RecommendCycleViewCell.xib in Resources */,
				F38A16EB215D1BA6009360F8 /* Profile.storyboard in Resources */,
				F3BBD546216CB41300E8E665 /* CollectionViewPrettyCell.xib in Resources */,
				F38A16E7215D1B59009360F8 /* Follow.storyboard in Resources */,
				F35A392D2186F1A900865CF1 /* RecommendGameView.xib in Resources */,
				F38A16DB215D19B7009360F8 /* Home.storyboard in Resources */,
				F3BBD53E216CA9DF00E8E665 /* CollectionHeaderView.xib in Resources */,
				F38A16BA215D14D4009360F8 /* Assets.xcassets in Resources */,
				F35A39312186FB3200865CF1 /* CollectionViewGameCell.xib in Resources */,
				F3BBD542216CAF4100E8E665 /* CollectionViewNormalCell.xib in Resources */,
				F38A16E3215D1B0E009360F8 /* Live.storyboard in Resources */,
				F38A16B8215D14D4009360F8 /* Main.storyboard in Resources */,
			);
			runOnlyForDeploymentPostprocessing = 0;
		};
/* End PBXResourcesBuildPhase section */

/* Begin PBXShellScriptBuildPhase section */
		7276C9326FF3F4A3D0BA14C8 /* [CP] Embed Pods Frameworks */ = {
			isa = PBXShellScriptBuildPhase;
			buildActionMask = 2147483647;
			files = (
			);
			inputPaths = (
				"${SRCROOT}/Pods/Target Support Files/Pods-DouYuLive/Pods-DouYuLive-frameworks.sh",
				"${BUILT_PRODUCTS_DIR}/Alamofire/Alamofire.framework",
				"${BUILT_PRODUCTS_DIR}/Kingfisher/Kingfisher.framework",
			);
			name = "[CP] Embed Pods Frameworks";
			outputPaths = (
				"${TARGET_BUILD_DIR}/${FRAMEWORKS_FOLDER_PATH}/Alamofire.framework",
				"${TARGET_BUILD_DIR}/${FRAMEWORKS_FOLDER_PATH}/Kingfisher.framework",
			);
			runOnlyForDeploymentPostprocessing = 0;
			shellPath = /bin/sh;
			shellScript = "\"${SRCROOT}/Pods/Target Support Files/Pods-DouYuLive/Pods-DouYuLive-frameworks.sh\"\n";
			showEnvVarsInLog = 0;
		};
		77CBB62FB52DC84CFE0D021F /* [CP] Check Pods Manifest.lock */ = {
			isa = PBXShellScriptBuildPhase;
			buildActionMask = 2147483647;
			files = (
			);
			inputPaths = (
				"${PODS_PODFILE_DIR_PATH}/Podfile.lock",
				"${PODS_ROOT}/Manifest.lock",
			);
			name = "[CP] Check Pods Manifest.lock";
			outputPaths = (
				"$(DERIVED_FILE_DIR)/Pods-DouYuLive-checkManifestLockResult.txt",
			);
			runOnlyForDeploymentPostprocessing = 0;
			shellPath = /bin/sh;
			shellScript = "diff \"${PODS_PODFILE_DIR_PATH}/Podfile.lock\" \"${PODS_ROOT}/Manifest.lock\" > /dev/null\nif [ $? != 0 ] ; then\n    # print error to STDERR\n    echo \"error: The sandbox is not in sync with the Podfile.lock. Run 'pod install' or update your CocoaPods installation.\" >&2\n    exit 1\nfi\n# This output is used by Xcode 'outputs' to avoid re-running this script phase.\necho \"SUCCESS\" > \"${SCRIPT_OUTPUT_FILE_0}\"\n";
			showEnvVarsInLog = 0;
		};
/* End PBXShellScriptBuildPhase section */

/* Begin PBXSourcesBuildPhase section */
		F38A16AB215D14D4009360F8 /* Sources */ = {
			isa = PBXSourcesBuildPhase;
			buildActionMask = 2147483647;
			files = (
				F3D260812169BF75008AD75F /* PageTitleView.swift in Sources */,
				F3917D7E216F7B0B004CC142 /* AnchorGroupModel.swift in Sources */,
				F3833B90217637C1000007AD /* RecommendCycleViewCell.swift in Sources */,
				F38A16E9215D1B90009360F8 /* ProfileViewController.swift in Sources */,
				F3917D7A216F6C05004CC142 /* RecommendViewModel.swift in Sources */,
				F3BBD545216CB41300E8E665 /* CollectionViewPrettyCell.swift in Sources */,
				F3833B8B21762C2C000007AD /* RecommendCycleView.swift in Sources */,
				F38A16B3215D14D4009360F8 /* AppDelegate.swift in Sources */,
				F3F7499B216B144200691DE6 /* PageContentView.swift in Sources */,
				F38A16DD215D1AA9009360F8 /* MainViewController.swift in Sources */,
				F35A39302186FB3200865CF1 /* CollectionViewGameCell.swift in Sources */,
				F3BBD53A216C9C3800E8E665 /* RecommendViewController.swift in Sources */,
				F3D260832169C219008AD75F /* Common.swift in Sources */,
				F3F855B5216EF3B600CAB04E /* NetWorkTools.swift in Sources */,
				F3917D7C216F7425004CC142 /* NSDate-Extension.swift in Sources */,
				F3BBD541216CAF4100E8E665 /* CollectionViewNormalCell.swift in Sources */,
				F3BBD53D216CA9DF00E8E665 /* CollectionHeaderView.swift in Sources */,
				F38A16E5215D1B4E009360F8 /* FollowViewController.swift in Sources */,
				F35A392B2186F19D00865CF1 /* RecommendGameView.swift in Sources */,
				F38A16E1215D1B00009360F8 /* LiveViewController.swift in Sources */,
				F3D741DA2170383700CF675C /* AnchorModel.swift in Sources */,
				F38A16DF215D1AD2009360F8 /* HomeViewController.swift in Sources */,
				F3105ACF215E12DF0020DB8C /* UIBarButtonItem-Extension.swift in Sources */,
				F30064512184902D00408907 /* CycleModel.swift in Sources */,
				F3DC57E0216B48E6003F463D /* UIColor-Extension.swift in Sources */,
			);
			runOnlyForDeploymentPostprocessing = 0;
		};
/* End PBXSourcesBuildPhase section */

/* Begin PBXVariantGroup section */
		F38A16B6215D14D4009360F8 /* Main.storyboard */ = {
			isa = PBXVariantGroup;
			children = (
				F38A16B7215D14D4009360F8 /* Base */,
			);
			name = Main.storyboard;
			sourceTree = "<group>";
		};
/* End PBXVariantGroup section */

/* Begin XCBuildConfiguration section */
		F38A16BF215D14D4009360F8 /* Debug */ = {
			isa = XCBuildConfiguration;
			buildSettings = {
				ALWAYS_SEARCH_USER_PATHS = NO;
				CLANG_ANALYZER_NONNULL = YES;
				CLANG_ANALYZER_NUMBER_OBJECT_CONVERSION = YES_AGGRESSIVE;
				CLANG_CXX_LANGUAGE_STANDARD = "gnu++14";
				CLANG_CXX_LIBRARY = "libc++";
				CLANG_ENABLE_MODULES = YES;
				CLANG_ENABLE_OBJC_ARC = YES;
				CLANG_ENABLE_OBJC_WEAK = YES;
				CLANG_WARN_BLOCK_CAPTURE_AUTORELEASING = YES;
				CLANG_WARN_BOOL_CONVERSION = YES;
				CLANG_WARN_COMMA = YES;
				CLANG_WARN_CONSTANT_CONVERSION = YES;
				CLANG_WARN_DEPRECATED_OBJC_IMPLEMENTATIONS = YES;
				CLANG_WARN_DIRECT_OBJC_ISA_USAGE = YES_ERROR;
				CLANG_WARN_DOCUMENTATION_COMMENTS = YES;
				CLANG_WARN_EMPTY_BODY = YES;
				CLANG_WARN_ENUM_CONVERSION = YES;
				CLANG_WARN_INFINITE_RECURSION = YES;
				CLANG_WARN_INT_CONVERSION = YES;
				CLANG_WARN_NON_LITERAL_NULL_CONVERSION = YES;
				CLANG_WARN_OBJC_IMPLICIT_RETAIN_SELF = YES;
				CLANG_WARN_OBJC_LITERAL_CONVERSION = YES;
				CLANG_WARN_OBJC_ROOT_CLASS = YES_ERROR;
				CLANG_WARN_RANGE_LOOP_ANALYSIS = YES;
				CLANG_WARN_STRICT_PROTOTYPES = YES;
				CLANG_WARN_SUSPICIOUS_MOVE = YES;
				CLANG_WARN_UNGUARDED_AVAILABILITY = YES_AGGRESSIVE;
				CLANG_WARN_UNREACHABLE_CODE = YES;
				CLANG_WARN__DUPLICATE_METHOD_MATCH = YES;
				CODE_SIGN_IDENTITY = "iPhone Developer";
				COPY_PHASE_STRIP = NO;
				DEBUG_INFORMATION_FORMAT = dwarf;
				ENABLE_STRICT_OBJC_MSGSEND = YES;
				ENABLE_TESTABILITY = YES;
				GCC_C_LANGUAGE_STANDARD = gnu11;
				GCC_DYNAMIC_NO_PIC = NO;
				GCC_NO_COMMON_BLOCKS = YES;
				GCC_OPTIMIZATION_LEVEL = 0;
				GCC_PREPROCESSOR_DEFINITIONS = (
					"DEBUG=1",
					"$(inherited)",
				);
				GCC_WARN_64_TO_32_BIT_CONVERSION = YES;
				GCC_WARN_ABOUT_RETURN_TYPE = YES_ERROR;
				GCC_WARN_UNDECLARED_SELECTOR = YES;
				GCC_WARN_UNINITIALIZED_AUTOS = YES_AGGRESSIVE;
				GCC_WARN_UNUSED_FUNCTION = YES;
				GCC_WARN_UNUSED_VARIABLE = YES;
				IPHONEOS_DEPLOYMENT_TARGET = 11.4;
				MTL_ENABLE_DEBUG_INFO = YES;
				ONLY_ACTIVE_ARCH = YES;
				SDKROOT = iphoneos;
				SWIFT_ACTIVE_COMPILATION_CONDITIONS = DEBUG;
				SWIFT_OPTIMIZATION_LEVEL = "-Onone";
			};
			name = Debug;
		};
		F38A16C0215D14D4009360F8 /* Release */ = {
			isa = XCBuildConfiguration;
			buildSettings = {
				ALWAYS_SEARCH_USER_PATHS = NO;
				CLANG_ANALYZER_NONNULL = YES;
				CLANG_ANALYZER_NUMBER_OBJECT_CONVERSION = YES_AGGRESSIVE;
				CLANG_CXX_LANGUAGE_STANDARD = "gnu++14";
				CLANG_CXX_LIBRARY = "libc++";
				CLANG_ENABLE_MODULES = YES;
				CLANG_ENABLE_OBJC_ARC = YES;
				CLANG_ENABLE_OBJC_WEAK = YES;
				CLANG_WARN_BLOCK_CAPTURE_AUTORELEASING = YES;
				CLANG_WARN_BOOL_CONVERSION = YES;
				CLANG_WARN_COMMA = YES;
				CLANG_WARN_CONSTANT_CONVERSION = YES;
				CLANG_WARN_DEPRECATED_OBJC_IMPLEMENTATIONS = YES;
				CLANG_WARN_DIRECT_OBJC_ISA_USAGE = YES_ERROR;
				CLANG_WARN_DOCUMENTATION_COMMENTS = YES;
				CLANG_WARN_EMPTY_BODY = YES;
				CLANG_WARN_ENUM_CONVERSION = YES;
				CLANG_WARN_INFINITE_RECURSION = YES;
				CLANG_WARN_INT_CONVERSION = YES;
				CLANG_WARN_NON_LITERAL_NULL_CONVERSION = YES;
				CLANG_WARN_OBJC_IMPLICIT_RETAIN_SELF = YES;
				CLANG_WARN_OBJC_LITERAL_CONVERSION = YES;
				CLANG_WARN_OBJC_ROOT_CLASS = YES_ERROR;
				CLANG_WARN_RANGE_LOOP_ANALYSIS = YES;
				CLANG_WARN_STRICT_PROTOTYPES = YES;
				CLANG_WARN_SUSPICIOUS_MOVE = YES;
				CLANG_WARN_UNGUARDED_AVAILABILITY = YES_AGGRESSIVE;
				CLANG_WARN_UNREACHABLE_CODE = YES;
				CLANG_WARN__DUPLICATE_METHOD_MATCH = YES;
				CODE_SIGN_IDENTITY = "iPhone Developer";
				COPY_PHASE_STRIP = NO;
				DEBUG_INFORMATION_FORMAT = "dwarf-with-dsym";
				ENABLE_NS_ASSERTIONS = NO;
				ENABLE_STRICT_OBJC_MSGSEND = YES;
				GCC_C_LANGUAGE_STANDARD = gnu11;
				GCC_NO_COMMON_BLOCKS = YES;
				GCC_WARN_64_TO_32_BIT_CONVERSION = YES;
				GCC_WARN_ABOUT_RETURN_TYPE = YES_ERROR;
				GCC_WARN_UNDECLARED_SELECTOR = YES;
				GCC_WARN_UNINITIALIZED_AUTOS = YES_AGGRESSIVE;
				GCC_WARN_UNUSED_FUNCTION = YES;
				GCC_WARN_UNUSED_VARIABLE = YES;
				IPHONEOS_DEPLOYMENT_TARGET = 11.4;
				MTL_ENABLE_DEBUG_INFO = NO;
				SDKROOT = iphoneos;
				SWIFT_COMPILATION_MODE = wholemodule;
				SWIFT_OPTIMIZATION_LEVEL = "-O";
				VALIDATE_PRODUCT = YES;
			};
			name = Release;
		};
		F38A16C2215D14D4009360F8 /* Debug */ = {
			isa = XCBuildConfiguration;
			baseConfigurationReference = 5819D6645633724A4FFC4AC7 /* Pods-DouYuLive.debug.xcconfig */;
			buildSettings = {
				ASSETCATALOG_COMPILER_APPICON_NAME = AppIcon;
				ASSETCATALOG_COMPILER_LAUNCHIMAGE_NAME = LaunchImage;
				CODE_SIGN_STYLE = Automatic;
				DEVELOPMENT_TEAM = AQTUWFU74M;
				INFOPLIST_FILE = DouYuLive/Info.plist;
				IPHONEOS_DEPLOYMENT_TARGET = 8.0;
				LD_RUNPATH_SEARCH_PATHS = (
					"$(inherited)",
					"@executable_path/Frameworks",
				);
				PRODUCT_BUNDLE_IDENTIFIER = zxc.DouYuLive;
				PRODUCT_NAME = "$(TARGET_NAME)";
				SWIFT_VERSION = 4.0;
				TARGETED_DEVICE_FAMILY = "1,2";
			};
			name = Debug;
		};
		F38A16C3215D14D4009360F8 /* Release */ = {
			isa = XCBuildConfiguration;
			baseConfigurationReference = 9EAAFE3C080833C7D9644AAD /* Pods-DouYuLive.release.xcconfig */;
			buildSettings = {
				ASSETCATALOG_COMPILER_APPICON_NAME = AppIcon;
				ASSETCATALOG_COMPILER_LAUNCHIMAGE_NAME = LaunchImage;
				CODE_SIGN_STYLE = Automatic;
				DEVELOPMENT_TEAM = AQTUWFU74M;
				INFOPLIST_FILE = DouYuLive/Info.plist;
				IPHONEOS_DEPLOYMENT_TARGET = 8.0;
				LD_RUNPATH_SEARCH_PATHS = (
					"$(inherited)",
					"@executable_path/Frameworks",
				);
				PRODUCT_BUNDLE_IDENTIFIER = zxc.DouYuLive;
				PRODUCT_NAME = "$(TARGET_NAME)";
				SWIFT_VERSION = 4.0;
				TARGETED_DEVICE_FAMILY = "1,2";
			};
			name = Release;
		};
/* End XCBuildConfiguration section */

/* Begin XCConfigurationList section */
		F38A16AA215D14D4009360F8 /* Build configuration list for PBXProject "DouYuLive" */ = {
			isa = XCConfigurationList;
			buildConfigurations = (
				F38A16BF215D14D4009360F8 /* Debug */,
				F38A16C0215D14D4009360F8 /* Release */,
			);
			defaultConfigurationIsVisible = 0;
			defaultConfigurationName = Release;
		};
		F38A16C1215D14D4009360F8 /* Build configuration list for PBXNativeTarget "DouYuLive" */ = {
			isa = XCConfigurationList;
			buildConfigurations = (
				F38A16C2215D14D4009360F8 /* Debug */,
				F38A16C3215D14D4009360F8 /* Release */,
			);
			defaultConfigurationIsVisible = 0;
			defaultConfigurationName = Release;
		};
/* End XCConfigurationList section */
	};
	rootObject = F38A16A7215D14D4009360F8 /* Project object */;
}
